
Microsoft Visual Studio Solution File, Format Version 12.00
# Visual Studio Version 17
VisualStudioVersion = 17.1.32421.90
MinimumVisualStudioVersion = 10.0.40219.1
Project("{FAE04EC0-301F-11D3-BF4B-00C04F79EFBC}") = "Project2", "Project2\Project2.csproj", "{01DCB139-CB8F-4671-985F-ED5BE430DCE6}"
EndProject
Global
	GlobalSection(SolutionConfigurationPlatforms) = preSolution
		Debug|Any CPU = Debug|Any CPU
		Release|Any CPU = Release|Any CPU
	EndGlobalSection
	GlobalSection(ProjectConfigurationPlatforms) = postSolution
		{01DCB139-CB8F-4671-985F-ED5BE430DCE6}.Debug|Any CPU.ActiveCfg = Debug|Any CPU
		{01DCB139-CB8F-4671-985F-ED5BE430DCE6}.Debug|Any CPU.Build.0 = Debug|Any CPU
		{01DCB139-CB8F-4671-985F-ED5BE430DCE6}.Release|Any CPU.ActiveCfg = Release|Any CPU
		{01DCB139-CB8F-4671-985F-ED5BE430DCE6}.Release|Any CPU.Build.0 = Release|Any CPU
	EndGlobalSection
	GlobalSection(SolutionProperties) = preSolution
		HideSolutionNode = FALSE
	EndGlobalSection
	GlobalSection(ExtensibilityGlobals) = postSolution
		SolutionGuid = {4B4D0E82-55E9-40CF-885F-645363641E0B}
	EndGlobalSection
EndGlobal
